// !$*UTF8*$!
{
	archiveVersion = 1;
	classes = {
	};
	objectVersion = 50;
	objects = {

/* Begin PBXBuildFile section */
		9609D9D521BB0C9100B9C69E /* Item.swift in Sources */ = {isa = PBXBuildFile; fileRef = 9609D9D421BB0C9100B9C69E /* Item.swift */; };
		9609D9D721BB0C9F00B9C69E /* Category.swift in Sources */ = {isa = PBXBuildFile; fileRef = 9609D9D621BB0C9F00B9C69E /* Category.swift */; };
		9611CC3621B8666900AFBEA9 /* CategoryViewController.swift in Sources */ = {isa = PBXBuildFile; fileRef = 9611CC3521B8666900AFBEA9 /* CategoryViewController.swift */; };
		965C792221ADDBEF0066E9A7 /* AppDelegate.swift in Sources */ = {isa = PBXBuildFile; fileRef = 965C792121ADDBEF0066E9A7 /* AppDelegate.swift */; };
		965C792421ADDBEF0066E9A7 /* TodoListViewController.swift in Sources */ = {isa = PBXBuildFile; fileRef = 965C792321ADDBEF0066E9A7 /* TodoListViewController.swift */; };
		965C792721ADDBEF0066E9A7 /* Main.storyboard in Resources */ = {isa = PBXBuildFile; fileRef = 965C792521ADDBEF0066E9A7 /* Main.storyboard */; };
		965C792921ADDBF10066E9A7 /* Assets.xcassets in Resources */ = {isa = PBXBuildFile; fileRef = 965C792821ADDBF10066E9A7 /* Assets.xcassets */; };
		965C792C21ADDBF10066E9A7 /* LaunchScreen.storyboard in Resources */ = {isa = PBXBuildFile; fileRef = 965C792A21ADDBF10066E9A7 /* LaunchScreen.storyboard */; };
		D9A1F50C88E1DD1442C1B556 /* Pods_Todoey.framework in Frameworks */ = {isa = PBXBuildFile; fileRef = E64271399934072B8A2CB274 /* Pods_Todoey.framework */; };
/* End PBXBuildFile section */

/* Begin PBXFileReference section */
		8A448FDBC701402FCB34AC86 /* Pods-Todoey.debug.xcconfig */ = {isa = PBXFileReference; includeInIndex = 1; lastKnownFileType = text.xcconfig; name = "Pods-Todoey.debug.xcconfig"; path = "Target Support Files/Pods-Todoey/Pods-Todoey.debug.xcconfig"; sourceTree = "<group>"; };
		9609D9D421BB0C9100B9C69E /* Item.swift */ = {isa = PBXFileReference; lastKnownFileType = sourcecode.swift; path = Item.swift; sourceTree = "<group>"; };
		9609D9D621BB0C9F00B9C69E /* Category.swift */ = {isa = PBXFileReference; lastKnownFileType = sourcecode.swift; path = Category.swift; sourceTree = "<group>"; };
		9611CC3521B8666900AFBEA9 /* CategoryViewController.swift */ = {isa = PBXFileReference; lastKnownFileType = sourcecode.swift; path = CategoryViewController.swift; sourceTree = "<group>"; };
		965C791E21ADDBEF0066E9A7 /* Todoey.app */ = {isa = PBXFileReference; explicitFileType = wrapper.application; includeInIndex = 0; path = Todoey.app; sourceTree = BUILT_PRODUCTS_DIR; };
		965C792121ADDBEF0066E9A7 /* AppDelegate.swift */ = {isa = PBXFileReference; lastKnownFileType = sourcecode.swift; path = AppDelegate.swift; sourceTree = "<group>"; };
		965C792321ADDBEF0066E9A7 /* TodoListViewController.swift */ = {isa = PBXFileReference; lastKnownFileType = sourcecode.swift; path = TodoListViewController.swift; sourceTree = "<group>"; };
		965C792621ADDBEF0066E9A7 /* Base */ = {isa = PBXFileReference; lastKnownFileType = file.storyboard; name = Base; path = Base.lproj/Main.storyboard; sourceTree = "<group>"; };
		965C792821ADDBF10066E9A7 /* Assets.xcassets */ = {isa = PBXFileReference; lastKnownFileType = folder.assetcatalog; path = Assets.xcassets; sourceTree = "<group>"; };
		965C792B21ADDBF10066E9A7 /* Base */ = {isa = PBXFileReference; lastKnownFileType = file.storyboard; name = Base; path = Base.lproj/LaunchScreen.storyboard; sourceTree = "<group>"; };
		965C792D21ADDBF10066E9A7 /* Info.plist */ = {isa = PBXFileReference; lastKnownFileType = text.plist.xml; path = Info.plist; sourceTree = "<group>"; };
		E64271399934072B8A2CB274 /* Pods_Todoey.framework */ = {isa = PBXFileReference; explicitFileType = wrapper.framework; includeInIndex = 0; path = Pods_Todoey.framework; sourceTree = BUILT_PRODUCTS_DIR; };
		FCCF804F87DC9CC674728FEF /* Pods-Todoey.release.xcconfig */ = {isa = PBXFileReference; includeInIndex = 1; lastKnownFileType = text.xcconfig; name = "Pods-Todoey.release.xcconfig"; path = "Target Support Files/Pods-Todoey/Pods-Todoey.release.xcconfig"; sourceTree = "<group>"; };
/* End PBXFileReference section */

/* Begin PBXFrameworksBuildPhase section */
		965C791B21ADDBEF0066E9A7 /* Frameworks */ = {
			isa = PBXFrameworksBuildPhase;
			buildActionMask = 2147483647;
			files = (
				D9A1F50C88E1DD1442C1B556 /* Pods_Todoey.framework in Frameworks */,
			);
			runOnlyForDeploymentPostprocessing = 0;
		};
/* End PBXFrameworksBuildPhase section */

/* Begin PBXGroup section */
		1E9B1493692739119EA53BDF /* Frameworks */ = {
			isa = PBXGroup;
			children = (
				E64271399934072B8A2CB274 /* Pods_Todoey.framework */,
			);
			name = Frameworks;
			sourceTree = "<group>";
		};
		7A8E8ADD31FEB3BCC92AFF00 /* Pods */ = {
			isa = PBXGroup;
			children = (
				8A448FDBC701402FCB34AC86 /* Pods-Todoey.debug.xcconfig */,
				FCCF804F87DC9CC674728FEF /* Pods-Todoey.release.xcconfig */,
			);
			path = Pods;
			sourceTree = "<group>";
		};
		9607799121AFA20B00B70725 /* DataModal */ = {
			isa = PBXGroup;
			children = (
				9609D9D421BB0C9100B9C69E /* Item.swift */,
				9609D9D621BB0C9F00B9C69E /* Category.swift */,
			);
			path = DataModal;
			sourceTree = "<group>";
		};
		9607799221AFA22000B70725 /* Controllers */ = {
			isa = PBXGroup;
			children = (
				9611CC3521B8666900AFBEA9 /* CategoryViewController.swift */,
				965C792321ADDBEF0066E9A7 /* TodoListViewController.swift */,
			);
			path = Controllers;
			sourceTree = "<group>";
		};
		9607799321AFA23A00B70725 /* Views */ = {
			isa = PBXGroup;
			children = (
				965C792521ADDBEF0066E9A7 /* Main.storyboard */,
			);
			path = Views;
			sourceTree = "<group>";
		};
		9607799421AFA25600B70725 /* SupportingFiles */ = {
			isa = PBXGroup;
			children = (
				965C792821ADDBF10066E9A7 /* Assets.xcassets */,
				965C792A21ADDBF10066E9A7 /* LaunchScreen.storyboard */,
			);
			path = SupportingFiles;
			sourceTree = "<group>";
		};
		965C791521ADDBEF0066E9A7 = {
			isa = PBXGroup;
			children = (
				965C792021ADDBEF0066E9A7 /* Todoey */,
				965C791F21ADDBEF0066E9A7 /* Products */,
				7A8E8ADD31FEB3BCC92AFF00 /* Pods */,
				1E9B1493692739119EA53BDF /* Frameworks */,
			);
			sourceTree = "<group>";
		};
		965C791F21ADDBEF0066E9A7 /* Products */ = {
			isa = PBXGroup;
			children = (
				965C791E21ADDBEF0066E9A7 /* Todoey.app */,
			);
			name = Products;
			sourceTree = "<group>";
		};
		965C792021ADDBEF0066E9A7 /* Todoey */ = {
			isa = PBXGroup;
			children = (
				965C792121ADDBEF0066E9A7 /* AppDelegate.swift */,
				9607799121AFA20B00B70725 /* DataModal */,
				9607799221AFA22000B70725 /* Controllers */,
				9607799321AFA23A00B70725 /* Views */,
				9607799421AFA25600B70725 /* SupportingFiles */,
				965C792D21ADDBF10066E9A7 /* Info.plist */,
			);
			path = Todoey;
			sourceTree = "<group>";
		};
/* End PBXGroup section */

/* Begin PBXNativeTarget section */
		965C791D21ADDBEF0066E9A7 /* Todoey */ = {
			isa = PBXNativeTarget;
			buildConfigurationList = 965C793021ADDBF10066E9A7 /* Build configuration list for PBXNativeTarget "Todoey" */;
			buildPhases = (
				667E923C88A5CCB580822850 /* [CP] Check Pods Manifest.lock */,
				965C791A21ADDBEF0066E9A7 /* Sources */,
				965C791B21ADDBEF0066E9A7 /* Frameworks */,
				965C791C21ADDBEF0066E9A7 /* Resources */,
				F90F550F4ECB015AE3F749FE /* [CP] Embed Pods Frameworks */,
			);
			buildRules = (
			);
			dependencies = (
			);
			name = Todoey;
			productName = Todoey;
			productReference = 965C791E21ADDBEF0066E9A7 /* Todoey.app */;
			productType = "com.apple.product-type.application";
		};
/* End PBXNativeTarget section */

/* Begin PBXProject section */
		965C791621ADDBEF0066E9A7 /* Project object */ = {
			isa = PBXProject;
			attributes = {
				LastSwiftUpdateCheck = 1010;
				LastUpgradeCheck = 1010;
				ORGANIZATIONNAME = "The book";
				TargetAttributes = {
					965C791D21ADDBEF0066E9A7 = {
						CreatedOnToolsVersion = 10.1;
					};
				};
			};
			buildConfigurationList = 965C791921ADDBEF0066E9A7 /* Build configuration list for PBXProject "Todoey" */;
			compatibilityVersion = "Xcode 9.3";
			developmentRegion = en;
			hasScannedForEncodings = 0;
			knownRegions = (
				en,
				Base,
			);
			mainGroup = 965C791521ADDBEF0066E9A7;
			productRefGroup = 965C791F21ADDBEF0066E9A7 /* Products */;
			projectDirPath = "";
			projectRoot = "";
			targets = (
				965C791D21ADDBEF0066E9A7 /* Todoey */,
			);
		};
/* End PBXProject section */

/* Begin PBXResourcesBuildPhase section */
		965C791C21ADDBEF0066E9A7 /* Resources */ = {
			isa = PBXResourcesBuildPhase;
			buildActionMask = 2147483647;
			files = (
				965C792C21ADDBF10066E9A7 /* LaunchScreen.storyboard in Resources */,
				965C792921ADDBF10066E9A7 /* Assets.xcassets in Resources */,
				965C792721ADDBEF0066E9A7 /* Main.storyboard in Resources */,
			);
			runOnlyForDeploymentPostprocessing = 0;
		};
/* End PBXResourcesBuildPhase section */

/* Begin PBXShellScriptBuildPhase section */
		667E923C88A5CCB580822850 /* [CP] Check Pods Manifest.lock */ = {
			isa = PBXShellScriptBuildPhase;
			buildActionMask = 2147483647;
			files = (
			);
			inputFileListPaths = (
			);
			inputPaths = (
				"${PODS_PODFILE_DIR_PATH}/Podfile.lock",
				"${PODS_ROOT}/Manifest.lock",
			);
			name = "[CP] Check Pods Manifest.lock";
			outputFileListPaths = (
			);
			outputPaths = (
				"$(DERIVED_FILE_DIR)/Pods-Todoey-checkManifestLockResult.txt",
			);
			runOnlyForDeploymentPostprocessing = 0;
			shellPath = /bin/sh;
			shellScript = "diff \"${PODS_PODFILE_DIR_PATH}/Podfile.lock\" \"${PODS_ROOT}/Manifest.lock\" > /dev/null\nif [ $? != 0 ] ; then\n    # print error to STDERR\n    echo \"error: The sandbox is not in sync with the Podfile.lock. Run 'pod install' or update your CocoaPods installation.\" >&2\n    exit 1\nfi\n# This output is used by Xcode 'outputs' to avoid re-running this script phase.\necho \"SUCCESS\" > \"${SCRIPT_OUTPUT_FILE_0}\"\n";
			showEnvVarsInLog = 0;
		};
		F90F550F4ECB015AE3F749FE /* [CP] Embed Pods Frameworks */ = {
			isa = PBXShellScriptBuildPhase;
			buildActionMask = 2147483647;
			files = (
			);
			inputFileListPaths = (
			);
			inputPaths = (
				"${PODS_ROOT}/Target Support Files/Pods-Todoey/Pods-Todoey-frameworks.sh",
				"${BUILT_PRODUCTS_DIR}/Realm/Realm.framework",
				"${BUILT_PRODUCTS_DIR}/RealmSwift/RealmSwift.framework",
				"${BUILT_PRODUCTS_DIR}/SwipeCellKit/SwipeCellKit.framework",
			);
			name = "[CP] Embed Pods Frameworks";
			outputFileListPaths = (
			);
			outputPaths = (
				"${TARGET_BUILD_DIR}/${FRAMEWORKS_FOLDER_PATH}/Realm.framework",
				"${TARGET_BUILD_DIR}/${FRAMEWORKS_FOLDER_PATH}/RealmSwift.framework",
				"${TARGET_BUILD_DIR}/${FRAMEWORKS_FOLDER_PATH}/SwipeCellKit.framework",
			);
			runOnlyForDeploymentPostprocessing = 0;
			shellPath = /bin/sh;
			shellScript = "\"${PODS_ROOT}/Target Support Files/Pods-Todoey/Pods-Todoey-frameworks.sh\"\n";
			showEnvVarsInLog = 0;
		};
/* End PBXShellScriptBuildPhase section */

/* Begin PBXSourcesBuildPhase section */
		965C791A21ADDBEF0066E9A7 /* Sources */ = {
			isa = PBXSourcesBuildPhase;
			buildActionMask = 2147483647;
			files = (
				9609D9D521BB0C9100B9C69E /* Item.swift in Sources */,
				9611CC3621B8666900AFBEA9 /* CategoryViewController.swift in Sources */,
				965C792421ADDBEF0066E9A7 /* TodoListViewController.swift in Sources */,
				965C792221ADDBEF0066E9A7 /* AppDelegate.swift in Sources */,
				9609D9D721BB0C9F00B9C69E /* Category.swift in Sources */,
			);
			runOnlyForDeploymentPostprocessing = 0;
		};
/* End PBXSourcesBuildPhase section */

/* Begin PBXVariantGroup section */
		965C792521ADDBEF0066E9A7 /* Main.storyboard */ = {
			isa = PBXVariantGroup;
			children = (
				965C792621ADDBEF0066E9A7 /* Base */,
			);
			name = Main.storyboard;
			sourceTree = "<group>";
		};
		965C792A21ADDBF10066E9A7 /* LaunchScreen.storyboard */ = {
			isa = PBXVariantGroup;
			children = (
				965C792B21ADDBF10066E9A7 /* Base */,
			);
			name = LaunchScreen.storyboard;
			sourceTree = "<group>";
		};
/* End PBXVariantGroup section */

/* Begin XCBuildConfiguration section */
		965C792E21ADDBF10066E9A7 /* Debug */ = {
			isa = XCBuildConfiguration;
			buildSettings = {
				ALWAYS_SEARCH_USER_PATHS = NO;
				CLANG_ANALYZER_NONNULL = YES;
				CLANG_ANALYZER_NUMBER_OBJECT_CONVERSION = YES_AGGRESSIVE;
				CLANG_CXX_LANGUAGE_STANDARD = "gnu++14";
				CLANG_CXX_LIBRARY = "libc++";
				CLANG_ENABLE_MODULES = YES;
				CLANG_ENABLE_OBJC_ARC = YES;
				CLANG_ENABLE_OBJC_WEAK = YES;
				CLANG_WARN_BLOCK_CAPTURE_AUTORELEASING = YES;
				CLANG_WARN_BOOL_CONVERSION = YES;
				CLANG_WARN_COMMA = YES;
				CLANG_WARN_CONSTANT_CONVERSION = YES;
				CLANG_WARN_DEPRECATED_OBJC_IMPLEMENTATIONS = YES;
				CLANG_WARN_DIRECT_OBJC_ISA_USAGE = YES_ERROR;
				CLANG_WARN_DOCUMENTATION_COMMENTS = YES;
				CLANG_WARN_EMPTY_BODY = YES;
				CLANG_WARN_ENUM_CONVERSION = YES;
				CLANG_WARN_INFINITE_RECURSION = YES;
				CLANG_WARN_INT_CONVERSION = YES;
				CLANG_WARN_NON_LITERAL_NULL_CONVERSION = YES;
				CLANG_WARN_OBJC_IMPLICIT_RETAIN_SELF = YES;
				CLANG_WARN_OBJC_LITERAL_CONVERSION = YES;
				CLANG_WARN_OBJC_ROOT_CLASS = YES_ERROR;
				CLANG_WARN_RANGE_LOOP_ANALYSIS = YES;
				CLANG_WARN_STRICT_PROTOTYPES = YES;
				CLANG_WARN_SUSPICIOUS_MOVE = YES;
				CLANG_WARN_UNGUARDED_AVAILABILITY = YES_AGGRESSIVE;
				CLANG_WARN_UNREACHABLE_CODE = YES;
				CLANG_WARN__DUPLICATE_METHOD_MATCH = YES;
				CODE_SIGN_IDENTITY = "iPhone Developer";
				COPY_PHASE_STRIP = NO;
				DEBUG_INFORMATION_FORMAT = dwarf;
				ENABLE_STRICT_OBJC_MSGSEND = YES;
				ENABLE_TESTABILITY = YES;
				GCC_C_LANGUAGE_STANDARD = gnu11;
				GCC_DYNAMIC_NO_PIC = NO;
				GCC_NO_COMMON_BLOCKS = YES;
				GCC_OPTIMIZATION_LEVEL = 0;
				GCC_PREPROCESSOR_DEFINITIONS = (
					"DEBUG=1",
					"$(inherited)",
				);
				GCC_WARN_64_TO_32_BIT_CONVERSION = YES;
				GCC_WARN_ABOUT_RETURN_TYPE = YES_ERROR;
				GCC_WARN_UNDECLARED_SELECTOR = YES;
				GCC_WARN_UNINITIALIZED_AUTOS = YES_AGGRESSIVE;
				GCC_WARN_UNUSED_FUNCTION = YES;
				GCC_WARN_UNUSED_VARIABLE = YES;
				IPHONEOS_DEPLOYMENT_TARGET = 12.1;
				MTL_ENABLE_DEBUG_INFO = INCLUDE_SOURCE;
				MTL_FAST_MATH = YES;
				ONLY_ACTIVE_ARCH = YES;
				SDKROOT = iphoneos;
				SWIFT_ACTIVE_COMPILATION_CONDITIONS = DEBUG;
				SWIFT_OPTIMIZATION_LEVEL = "-Onone";
			};
			name = Debug;
		};
		965C792F21ADDBF10066E9A7 /* Release */ = {
			isa = XCBuildConfiguration;
			buildSettings = {
				ALWAYS_SEARCH_USER_PATHS = NO;
				CLANG_ANALYZER_NONNULL = YES;
				CLANG_ANALYZER_NUMBER_OBJECT_CONVERSION = YES_AGGRESSIVE;
				CLANG_CXX_LANGUAGE_STANDARD = "gnu++14";
				CLANG_CXX_LIBRARY = "libc++";
				CLANG_ENABLE_MODULES = YES;
				CLANG_ENABLE_OBJC_ARC = YES;
				CLANG_ENABLE_OBJC_WEAK = YES;
				CLANG_WARN_BLOCK_CAPTURE_AUTORELEASING = YES;
				CLANG_WARN_BOOL_CONVERSION = YES;
				CLANG_WARN_COMMA = YES;
				CLANG_WARN_CONSTANT_CONVERSION = YES;
				CLANG_WARN_DEPRECATED_OBJC_IMPLEMENTATIONS = YES;
				CLANG_WARN_DIRECT_OBJC_ISA_USAGE = YES_ERROR;
				CLANG_WARN_DOCUMENTATION_COMMENTS = YES;
				CLANG_WARN_EMPTY_BODY = YES;
				CLANG_WARN_ENUM_CONVERSION = YES;
				CLANG_WARN_INFINITE_RECURSION = YES;
				CLANG_WARN_INT_CONVERSION = YES;
				CLANG_WARN_NON_LITERAL_NULL_CONVERSION = YES;
				CLANG_WARN_OBJC_IMPLICIT_RETAIN_SELF = YES;
				CLANG_WARN_OBJC_LITERAL_CONVERSION = YES;
				CLANG_WARN_OBJC_ROOT_CLASS = YES_ERROR;
				CLANG_WARN_RANGE_LOOP_ANALYSIS = YES;
				CLANG_WARN_STRICT_PROTOTYPES = YES;
				CLANG_WARN_SUSPICIOUS_MOVE = YES;
				CLANG_WARN_UNGUARDED_AVAILABILITY = YES_AGGRESSIVE;
				CLANG_WARN_UNREACHABLE_CODE = YES;
				CLANG_WARN__DUPLICATE_METHOD_MATCH = YES;
				CODE_SIGN_IDENTITY = "iPhone Developer";
				COPY_PHASE_STRIP = NO;
				DEBUG_INFORMATION_FORMAT = "dwarf-with-dsym";
				ENABLE_NS_ASSERTIONS = NO;
				ENABLE_STRICT_OBJC_MSGSEND = YES;
				GCC_C_LANGUAGE_STANDARD = gnu11;
				GCC_NO_COMMON_BLOCKS = YES;
				GCC_WARN_64_TO_32_BIT_CONVERSION = YES;
				GCC_WARN_ABOUT_RETURN_TYPE = YES_ERROR;
				GCC_WARN_UNDECLARED_SELECTOR = YES;
				GCC_WARN_UNINITIALIZED_AUTOS = YES_AGGRESSIVE;
				GCC_WARN_UNUSED_FUNCTION = YES;
				GCC_WARN_UNUSED_VARIABLE = YES;
				IPHONEOS_DEPLOYMENT_TARGET = 12.1;
				MTL_ENABLE_DEBUG_INFO = NO;
				MTL_FAST_MATH = YES;
				SDKROOT = iphoneos;
				SWIFT_COMPILATION_MODE = wholemodule;
				SWIFT_OPTIMIZATION_LEVEL = "-O";
				VALIDATE_PRODUCT = YES;
			};
			name = Release;
		};
		965C793121ADDBF10066E9A7 /* Debug */ = {
			isa = XCBuildConfiguration;
			baseConfigurationReference = 8A448FDBC701402FCB34AC86 /* Pods-Todoey.debug.xcconfig */;
			buildSettings = {
				ASSETCATALOG_COMPILER_APPICON_NAME = AppIcon;
				CODE_SIGN_STYLE = Automatic;
				DEVELOPMENT_TEAM = 6UFY22SQMW;
				INFOPLIST_FILE = Todoey/Info.plist;
				LD_RUNPATH_SEARCH_PATHS = (
					"$(inherited)",
					"@executable_path/Frameworks",
				);
				PRODUCT_BUNDLE_IDENTIFIER = jisungs.Todoey;
				PRODUCT_NAME = "$(TARGET_NAME)";
				SWIFT_VERSION = 4.2;
				TARGETED_DEVICE_FAMILY = "1,2";
			};
			name = Debug;
		};
		965C793221ADDBF10066E9A7 /* Release */ = {
			isa = XCBuildConfiguration;
			baseConfigurationReference = FCCF804F87DC9CC674728FEF /* Pods-Todoey.release.xcconfig */;
			buildSettings = {
				ASSETCATALOG_COMPILER_APPICON_NAME = AppIcon;
				CODE_SIGN_STYLE = Automatic;
				DEVELOPMENT_TEAM = 6UFY22SQMW;
				INFOPLIST_FILE = Todoey/Info.plist;
				LD_RUNPATH_SEARCH_PATHS = (
					"$(inherited)",
					"@executable_path/Frameworks",
				);
				PRODUCT_BUNDLE_IDENTIFIER = jisungs.Todoey;
				PRODUCT_NAME = "$(TARGET_NAME)";
				SWIFT_VERSION = 4.2;
				TARGETED_DEVICE_FAMILY = "1,2";
			};
			name = Release;
		};
/* End XCBuildConfiguration section */

/* Begin XCConfigurationList section */
		965C791921ADDBEF0066E9A7 /* Build configuration list for PBXProject "Todoey" */ = {
			isa = XCConfigurationList;
			buildConfigurations = (
				965C792E21ADDBF10066E9A7 /* Debug */,
				965C792F21ADDBF10066E9A7 /* Release */,
			);
			defaultConfigurationIsVisible = 0;
			defaultConfigurationName = Release;
		};
		965C793021ADDBF10066E9A7 /* Build configuration list for PBXNativeTarget "Todoey" */ = {
			isa = XCConfigurationList;
			buildConfigurations = (
				965C793121ADDBF10066E9A7 /* Debug */,
				965C793221ADDBF10066E9A7 /* Release */,
			);
			defaultConfigurationIsVisible = 0;
			defaultConfigurationName = Release;
		};
/* End XCConfigurationList section */
	};
	rootObject = 965C791621ADDBEF0066E9A7 /* Project object */;
}
